
Microsoft Visual Studio Solution File, Format Version 12.00
# Visual Studio Version 16
VisualStudioVersion = 16.0.31410.357
MinimumVisualStudioVersion = 10.0.40219.1
Project("{FAE04EC0-301F-11D3-BF4B-00C04F79EFBC}") = "Lab9", "Lab9\Lab9.csproj", "{288A6914-36C1-488E-B226-82468D918142}"
EndProject
Global
	GlobalSection(SolutionConfigurationPlatforms) = preSolution
		Debug|Any CPU = Debug|Any CPU
		Release|Any CPU = Release|Any CPU
	EndGlobalSection
	GlobalSection(ProjectConfigurationPlatforms) = postSolution
		{288A6914-36C1-488E-B226-82468D918142}.Debug|Any CPU.ActiveCfg = Debug|Any CPU
		{288A6914-36C1-488E-B226-82468D918142}.Debug|Any CPU.Build.0 = Debug|Any CPU
		{288A6914-36C1-488E-B226-82468D918142}.Release|Any CPU.ActiveCfg = Release|Any CPU
		{288A6914-36C1-488E-B226-82468D918142}.Release|Any CPU.Build.0 = Release|Any CPU
	EndGlobalSection
	GlobalSection(SolutionProperties) = preSolution
		HideSolutionNode = FALSE
	EndGlobalSection
	GlobalSection(ExtensibilityGlobals) = postSolution
		SolutionGuid = {FB3E1A9C-B4DD-4EE9-9B56-4E4DB44FAA06}
	EndGlobalSection
EndGlobal
