
Microsoft Visual Studio Solution File, Format Version 12.00
# Visual Studio Version 16
VisualStudioVersion = 16.0.31410.357
MinimumVisualStudioVersion = 10.0.40219.1
Project("{FAE04EC0-301F-11D3-BF4B-00C04F79EFBC}") = "Lab8", "Lab8\Lab8.csproj", "{803D08BA-BCE1-4F8C-ABC1-C47F4C74BDCE}"
EndProject
Global
	GlobalSection(SolutionConfigurationPlatforms) = preSolution
		Debug|Any CPU = Debug|Any CPU
		Release|Any CPU = Release|Any CPU
	EndGlobalSection
	GlobalSection(ProjectConfigurationPlatforms) = postSolution
		{803D08BA-BCE1-4F8C-ABC1-C47F4C74BDCE}.Debug|Any CPU.ActiveCfg = Debug|Any CPU
		{803D08BA-BCE1-4F8C-ABC1-C47F4C74BDCE}.Debug|Any CPU.Build.0 = Debug|Any CPU
		{803D08BA-BCE1-4F8C-ABC1-C47F4C74BDCE}.Release|Any CPU.ActiveCfg = Release|Any CPU
		{803D08BA-BCE1-4F8C-ABC1-C47F4C74BDCE}.Release|Any CPU.Build.0 = Release|Any CPU
	EndGlobalSection
	GlobalSection(SolutionProperties) = preSolution
		HideSolutionNode = FALSE
	EndGlobalSection
	GlobalSection(ExtensibilityGlobals) = postSolution
		SolutionGuid = {80C482AD-5F73-43D9-8F65-92368EDBC7D2}
	EndGlobalSection
EndGlobal
