
Microsoft Visual Studio Solution File, Format Version 12.00
# Visual Studio Version 16
VisualStudioVersion = 16.0.31410.357
MinimumVisualStudioVersion = 10.0.40219.1
Project("{FAE04EC0-301F-11D3-BF4B-00C04F79EFBC}") = "Lab5", "Lab5\Lab5.csproj", "{AAED46AF-6083-491B-810A-5EEB5FF7DEAC}"
EndProject
Global
	GlobalSection(SolutionConfigurationPlatforms) = preSolution
		Debug|Any CPU = Debug|Any CPU
		Release|Any CPU = Release|Any CPU
	EndGlobalSection
	GlobalSection(ProjectConfigurationPlatforms) = postSolution
		{AAED46AF-6083-491B-810A-5EEB5FF7DEAC}.Debug|Any CPU.ActiveCfg = Debug|Any CPU
		{AAED46AF-6083-491B-810A-5EEB5FF7DEAC}.Debug|Any CPU.Build.0 = Debug|Any CPU
		{AAED46AF-6083-491B-810A-5EEB5FF7DEAC}.Release|Any CPU.ActiveCfg = Release|Any CPU
		{AAED46AF-6083-491B-810A-5EEB5FF7DEAC}.Release|Any CPU.Build.0 = Release|Any CPU
	EndGlobalSection
	GlobalSection(SolutionProperties) = preSolution
		HideSolutionNode = FALSE
	EndGlobalSection
	GlobalSection(ExtensibilityGlobals) = postSolution
		SolutionGuid = {E8B49009-7732-410F-955E-15C7A51C6008}
	EndGlobalSection
EndGlobal
